
Microsoft Visual Studio Solution File, Format Version 12.00
# Visual Studio Version 17
VisualStudioVersion = 17.0.32112.339
MinimumVisualStudioVersion = 10.0.40219.1
Project("{FAE04EC0-301F-11D3-BF4B-00C04F79EFBC}") = "VMDetector", "VMDetector\VMDetector.csproj", "{168E0E0E-AC14-4B86-A254-ABF1F997ED29}"
EndProject
Global
	GlobalSection(SolutionConfigurationPlatforms) = preSolution
		Debug|Any CPU = Debug|Any CPU
		Release|Any CPU = Release|Any CPU
	EndGlobalSection
	GlobalSection(ProjectConfigurationPlatforms) = postSolution
		{168E0E0E-AC14-4B86-A254-ABF1F997ED29}.Debug|Any CPU.ActiveCfg = Debug|Any CPU
		{168E0E0E-AC14-4B86-A254-ABF1F997ED29}.Debug|Any CPU.Build.0 = Debug|Any CPU
		{168E0E0E-AC14-4B86-A254-ABF1F997ED29}.Release|Any CPU.ActiveCfg = Release|Any CPU
		{168E0E0E-AC14-4B86-A254-ABF1F997ED29}.Release|Any CPU.Build.0 = Release|Any CPU
	EndGlobalSection
	GlobalSection(SolutionProperties) = preSolution
		HideSolutionNode = FALSE
	EndGlobalSection
	GlobalSection(ExtensibilityGlobals) = postSolution
		SolutionGuid = {4D39E25A-4531-44A9-8B1B-071075DB3B37}
	EndGlobalSection
EndGlobal
